
Microsoft Visual Studio Solution File, Format Version 12.00
# Visual Studio Version 17
VisualStudioVersion = 17.5.33516.290
MinimumVisualStudioVersion = 10.0.40219.1
Project("{FAE04EC0-301F-11D3-BF4B-00C04F79EFBC}") = "CalculateAreaTriangle", "CalculateAreaTriangle.csproj", "{39275808-5545-45EF-B5F6-7E9B605F8AF1}"
EndProject
Global
	GlobalSection(SolutionConfigurationPlatforms) = preSolution
		Debug|Any CPU = Debug|Any CPU
		Release|Any CPU = Release|Any CPU
	EndGlobalSection
	GlobalSection(ProjectConfigurationPlatforms) = postSolution
		{39275808-5545-45EF-B5F6-7E9B605F8AF1}.Debug|Any CPU.ActiveCfg = Debug|Any CPU
		{39275808-5545-45EF-B5F6-7E9B605F8AF1}.Debug|Any CPU.Build.0 = Debug|Any CPU
		{39275808-5545-45EF-B5F6-7E9B605F8AF1}.Release|Any CPU.ActiveCfg = Release|Any CPU
		{39275808-5545-45EF-B5F6-7E9B605F8AF1}.Release|Any CPU.Build.0 = Release|Any CPU
	EndGlobalSection
	GlobalSection(SolutionProperties) = preSolution
		HideSolutionNode = FALSE
	EndGlobalSection
	GlobalSection(ExtensibilityGlobals) = postSolution
		SolutionGuid = {58118655-DB4E-4DDA-9B1A-7154D4876C18}
	EndGlobalSection
EndGlobal
